
Microsoft Visual Studio Solution File, Format Version 12.00
# Visual Studio Version 17
VisualStudioVersion = 17.10.35013.160
MinimumVisualStudioVersion = 10.0.40219.1
Project("{FAE04EC0-301F-11D3-BF4B-00C04F79EFBC}") = "BinaryTree", "BinaryTree\BinaryTree.csproj", "{B63A42B2-B197-4CF8-A50F-C64C61703635}"
EndProject
Global
	GlobalSection(SolutionConfigurationPlatforms) = preSolution
		Debug|Any CPU = Debug|Any CPU
		Release|Any CPU = Release|Any CPU
	EndGlobalSection
	GlobalSection(ProjectConfigurationPlatforms) = postSolution
		{B63A42B2-B197-4CF8-A50F-C64C61703635}.Debug|Any CPU.ActiveCfg = Debug|Any CPU
		{B63A42B2-B197-4CF8-A50F-C64C61703635}.Debug|Any CPU.Build.0 = Debug|Any CPU
		{B63A42B2-B197-4CF8-A50F-C64C61703635}.Release|Any CPU.ActiveCfg = Release|Any CPU
		{B63A42B2-B197-4CF8-A50F-C64C61703635}.Release|Any CPU.Build.0 = Release|Any CPU
	EndGlobalSection
	GlobalSection(SolutionProperties) = preSolution
		HideSolutionNode = FALSE
	EndGlobalSection
	GlobalSection(ExtensibilityGlobals) = postSolution
		SolutionGuid = {0BC379D4-AFE9-467F-A925-ADB8F9D09FD0}
	EndGlobalSection
EndGlobal
